
Microsoft Visual Studio Solution File, Format Version 12.00
# Visual Studio Version 17
VisualStudioVersion = 17.9.34728.123
MinimumVisualStudioVersion = 10.0.40219.1
Project("{FAE04EC0-301F-11D3-BF4B-00C04F79EFBC}") = "EventOrganizerAPI", "EventOrganizerAPI\EventOrganizerAPI.csproj", "{16DB2C92-B099-46C6-BF68-6FE50C374365}"
EndProject
Global
	GlobalSection(SolutionConfigurationPlatforms) = preSolution
		Debug|Any CPU = Debug|Any CPU
		Release|Any CPU = Release|Any CPU
	EndGlobalSection
	GlobalSection(ProjectConfigurationPlatforms) = postSolution
		{16DB2C92-B099-46C6-BF68-6FE50C374365}.Debug|Any CPU.ActiveCfg = Debug|Any CPU
		{16DB2C92-B099-46C6-BF68-6FE50C374365}.Debug|Any CPU.Build.0 = Debug|Any CPU
		{16DB2C92-B099-46C6-BF68-6FE50C374365}.Release|Any CPU.ActiveCfg = Release|Any CPU
		{16DB2C92-B099-46C6-BF68-6FE50C374365}.Release|Any CPU.Build.0 = Release|Any CPU
	EndGlobalSection
	GlobalSection(SolutionProperties) = preSolution
		HideSolutionNode = FALSE
	EndGlobalSection
	GlobalSection(ExtensibilityGlobals) = postSolution
		SolutionGuid = {85684BEB-763F-4E12-8896-AFDD68FBABF7}
	EndGlobalSection
EndGlobal
